
Microsoft Visual Studio Solution File, Format Version 12.00
Project("{FAE04EC0-301F-11D3-BF4B-00C04F79EFBC}") = "APBD-cw4", "APBD-cw4.csproj", "{4820C764-6053-4DDB-9EE5-EA200E9AAEEB}"
EndProject
Global
	GlobalSection(SolutionConfigurationPlatforms) = preSolution
		Debug|Any CPU = Debug|Any CPU
		Release|Any CPU = Release|Any CPU
	EndGlobalSection
	GlobalSection(ProjectConfigurationPlatforms) = postSolution
		{4820C764-6053-4DDB-9EE5-EA200E9AAEEB}.Debug|Any CPU.ActiveCfg = Debug|Any CPU
		{4820C764-6053-4DDB-9EE5-EA200E9AAEEB}.Debug|Any CPU.Build.0 = Debug|Any CPU
		{4820C764-6053-4DDB-9EE5-EA200E9AAEEB}.Release|Any CPU.ActiveCfg = Release|Any CPU
		{4820C764-6053-4DDB-9EE5-EA200E9AAEEB}.Release|Any CPU.Build.0 = Release|Any CPU
	EndGlobalSection
EndGlobal
